
Microsoft Visual Studio Solution File, Format Version 12.00
# Visual Studio Version 17
VisualStudioVersion = 17.7.34018.315
MinimumVisualStudioVersion = 10.0.40219.1
Project("{9A19103F-16F7-4668-BE54-9A1E7A4F7556}") = "tasinmaz", "tasinmaz\tasinmaz.csproj", "{4325D645-56C6-435E-ABB3-8B4A41AF233A}"
EndProject
Project("{FAE04EC0-301F-11D3-BF4B-00C04F79EFBC}") = "PostgreSqlExample.Data", "PostgreSqlExample.Data\PostgreSqlExample.Data.csproj", "{A8F7648F-60E4-499C-9185-C194824A77F1}"
EndProject
Global
	GlobalSection(SolutionConfigurationPlatforms) = preSolution
		Debug|Any CPU = Debug|Any CPU
		Release|Any CPU = Release|Any CPU
	EndGlobalSection
	GlobalSection(ProjectConfigurationPlatforms) = postSolution
		{4325D645-56C6-435E-ABB3-8B4A41AF233A}.Debug|Any CPU.ActiveCfg = Debug|Any CPU
		{4325D645-56C6-435E-ABB3-8B4A41AF233A}.Debug|Any CPU.Build.0 = Debug|Any CPU
		{4325D645-56C6-435E-ABB3-8B4A41AF233A}.Release|Any CPU.ActiveCfg = Release|Any CPU
		{4325D645-56C6-435E-ABB3-8B4A41AF233A}.Release|Any CPU.Build.0 = Release|Any CPU
		{A8F7648F-60E4-499C-9185-C194824A77F1}.Debug|Any CPU.ActiveCfg = Debug|Any CPU
		{A8F7648F-60E4-499C-9185-C194824A77F1}.Debug|Any CPU.Build.0 = Debug|Any CPU
		{A8F7648F-60E4-499C-9185-C194824A77F1}.Release|Any CPU.ActiveCfg = Release|Any CPU
		{A8F7648F-60E4-499C-9185-C194824A77F1}.Release|Any CPU.Build.0 = Release|Any CPU
	EndGlobalSection
	GlobalSection(SolutionProperties) = preSolution
		HideSolutionNode = FALSE
	EndGlobalSection
	GlobalSection(ExtensibilityGlobals) = postSolution
		SolutionGuid = {9869A7DD-BE3D-4FBE-A095-A7BC7080492B}
	EndGlobalSection
EndGlobal
